
Microsoft Visual Studio Solution File, Format Version 12.00
# Visual Studio Version 17
VisualStudioVersion = 17.3.32929.385
MinimumVisualStudioVersion = 10.0.40219.1
Project("{8BC9CEB8-8B4A-11D0-8D11-00A0C91BC942}") = "ChessProject", "ChessProject.vcxproj", "{171C0C0D-3D82-4F56-940D-ED39157402BD}"
EndProject
Global
	GlobalSection(SolutionConfigurationPlatforms) = preSolution
		Debug|x64 = Debug|x64
		Debug|x86 = Debug|x86
		Release|x64 = Release|x64
		Release|x86 = Release|x86
	EndGlobalSection
	GlobalSection(ProjectConfigurationPlatforms) = postSolution
		{171C0C0D-3D82-4F56-940D-ED39157402BD}.Debug|x64.ActiveCfg = Debug|x64
		{171C0C0D-3D82-4F56-940D-ED39157402BD}.Debug|x64.Build.0 = Debug|x64
		{171C0C0D-3D82-4F56-940D-ED39157402BD}.Debug|x86.ActiveCfg = Debug|Win32
		{171C0C0D-3D82-4F56-940D-ED39157402BD}.Debug|x86.Build.0 = Debug|Win32
		{171C0C0D-3D82-4F56-940D-ED39157402BD}.Release|x64.ActiveCfg = Release|x64
		{171C0C0D-3D82-4F56-940D-ED39157402BD}.Release|x64.Build.0 = Release|x64
		{171C0C0D-3D82-4F56-940D-ED39157402BD}.Release|x86.ActiveCfg = Release|Win32
		{171C0C0D-3D82-4F56-940D-ED39157402BD}.Release|x86.Build.0 = Release|Win32
	EndGlobalSection
	GlobalSection(SolutionProperties) = preSolution
		HideSolutionNode = FALSE
	EndGlobalSection
	GlobalSection(ExtensibilityGlobals) = postSolution
		SolutionGuid = {09AF59D7-1EC4-4179-A4C0-771227122EB5}
	EndGlobalSection
EndGlobal
